
Microsoft Visual Studio Solution File, Format Version 12.00
# Visual Studio Version 17
VisualStudioVersion = 17.11.35312.102
MinimumVisualStudioVersion = 10.0.40219.1
Project("{FAE04EC0-301F-11D3-BF4B-00C04F79EFBC}") = "GameProject_0", "GameProject_0.csproj", "{AE557E6B-4667-4A98-A2F9-6ED70809E318}"
EndProject
Global
	GlobalSection(SolutionConfigurationPlatforms) = preSolution
		Debug|Any CPU = Debug|Any CPU
		Release|Any CPU = Release|Any CPU
	EndGlobalSection
	GlobalSection(ProjectConfigurationPlatforms) = postSolution
		{AE557E6B-4667-4A98-A2F9-6ED70809E318}.Debug|Any CPU.ActiveCfg = Debug|Any CPU
		{AE557E6B-4667-4A98-A2F9-6ED70809E318}.Debug|Any CPU.Build.0 = Debug|Any CPU
		{AE557E6B-4667-4A98-A2F9-6ED70809E318}.Release|Any CPU.ActiveCfg = Release|Any CPU
		{AE557E6B-4667-4A98-A2F9-6ED70809E318}.Release|Any CPU.Build.0 = Release|Any CPU
	EndGlobalSection
	GlobalSection(SolutionProperties) = preSolution
		HideSolutionNode = FALSE
	EndGlobalSection
	GlobalSection(ExtensibilityGlobals) = postSolution
		SolutionGuid = {E5E6456E-5C19-4C8C-9D4A-4CF11334E980}
	EndGlobalSection
EndGlobal
